
Microsoft Visual Studio Solution File, Format Version 12.00
# Visual Studio Version 17
VisualStudioVersion = 17.10.34928.147
MinimumVisualStudioVersion = 10.0.40219.1
Project("{FAE04EC0-301F-11D3-BF4B-00C04F79EFBC}") = "Fiap.Ativ1", "Fiap.Ativ1\Fiap.Ativ1.csproj", "{7E93F4CD-392C-4268-8A62-C607A0C2DFCE}"
EndProject
Global
	GlobalSection(SolutionConfigurationPlatforms) = preSolution
		Debug|Any CPU = Debug|Any CPU
		Release|Any CPU = Release|Any CPU
	EndGlobalSection
	GlobalSection(ProjectConfigurationPlatforms) = postSolution
		{7E93F4CD-392C-4268-8A62-C607A0C2DFCE}.Debug|Any CPU.ActiveCfg = Debug|Any CPU
		{7E93F4CD-392C-4268-8A62-C607A0C2DFCE}.Debug|Any CPU.Build.0 = Debug|Any CPU
		{7E93F4CD-392C-4268-8A62-C607A0C2DFCE}.Release|Any CPU.ActiveCfg = Release|Any CPU
		{7E93F4CD-392C-4268-8A62-C607A0C2DFCE}.Release|Any CPU.Build.0 = Release|Any CPU
	EndGlobalSection
	GlobalSection(SolutionProperties) = preSolution
		HideSolutionNode = FALSE
	EndGlobalSection
	GlobalSection(ExtensibilityGlobals) = postSolution
		SolutionGuid = {E67A12E5-AD8D-4A48-95A7-308CC6FDCD6C}
	EndGlobalSection
EndGlobal
